
Microsoft Visual Studio Solution File, Format Version 12.00
# Visual Studio Version 17
VisualStudioVersion = 17.3.32901.215
MinimumVisualStudioVersion = 10.0.40219.1
Project("{FAE04EC0-301F-11D3-BF4B-00C04F79EFBC}") = "Progetto_Banca_Client", "Progetto_Banca_Client\Progetto_Banca_Client.csproj", "{87640E77-4010-46E8-B630-685897A10C9C}"
EndProject
Global
	GlobalSection(SolutionConfigurationPlatforms) = preSolution
		Debug|Any CPU = Debug|Any CPU
		Release|Any CPU = Release|Any CPU
	EndGlobalSection
	GlobalSection(ProjectConfigurationPlatforms) = postSolution
		{87640E77-4010-46E8-B630-685897A10C9C}.Debug|Any CPU.ActiveCfg = Debug|Any CPU
		{87640E77-4010-46E8-B630-685897A10C9C}.Debug|Any CPU.Build.0 = Debug|Any CPU
		{87640E77-4010-46E8-B630-685897A10C9C}.Release|Any CPU.ActiveCfg = Release|Any CPU
		{87640E77-4010-46E8-B630-685897A10C9C}.Release|Any CPU.Build.0 = Release|Any CPU
	EndGlobalSection
	GlobalSection(SolutionProperties) = preSolution
		HideSolutionNode = FALSE
	EndGlobalSection
	GlobalSection(ExtensibilityGlobals) = postSolution
		SolutionGuid = {47CCBE2C-A92E-49D1-892E-31E3A87C7E29}
	EndGlobalSection
EndGlobal
